// !$*UTF8*$!
{
	archiveVersion = 1;
	classes = {
	};
	objectVersion = 50;
	objects = {

/* Begin PBXBuildFile section */
		3209B95F21A833C600DD5D84 /* HomeViewController.swift in Sources */ = {isa = PBXBuildFile; fileRef = 3209B95E21A833C600DD5D84 /* HomeViewController.swift */; };
		3209B96321A8367D00DD5D84 /* BookTableViewCell.swift in Sources */ = {isa = PBXBuildFile; fileRef = 3209B96221A8367D00DD5D84 /* BookTableViewCell.swift */; };
		3210E63E21AFD90600012C18 /* ApiEndPoints.swift in Sources */ = {isa = PBXBuildFile; fileRef = 3210E63D21AFD90600012C18 /* ApiEndPoints.swift */; };
		3210E64021B00C8E00012C18 /* BookCoverImageViewExtensions.swift in Sources */ = {isa = PBXBuildFile; fileRef = 3210E63F21B00C8E00012C18 /* BookCoverImageViewExtensions.swift */; };
		3210E64421B01CEF00012C18 /* Utilities.swift in Sources */ = {isa = PBXBuildFile; fileRef = 3210E64321B01CEF00012C18 /* Utilities.swift */; };
		3210E64621B01E6800012C18 /* BookCoverImageView.swift in Sources */ = {isa = PBXBuildFile; fileRef = 3210E64521B01E6800012C18 /* BookCoverImageView.swift */; };
		321160C921AD402500A7D25A /* UploadBookViewController.swift in Sources */ = {isa = PBXBuildFile; fileRef = 321160C821AD402500A7D25A /* UploadBookViewController.swift */; };
		321160CD21AD714400A7D25A /* UploadBookView.swift in Sources */ = {isa = PBXBuildFile; fileRef = 321160CC21AD714400A7D25A /* UploadBookView.swift */; };
		321160CF21AD786300A7D25A /* ActivityButtonView.swift in Sources */ = {isa = PBXBuildFile; fileRef = 321160CE21AD786300A7D25A /* ActivityButtonView.swift */; };
		321A891921AECB9B00B462BC /* ImageFetcher.swift in Sources */ = {isa = PBXBuildFile; fileRef = 321A891821AECB9B00B462BC /* ImageFetcher.swift */; };
		321FF37021AC2BE600407C54 /* BookDetailsViewController.swift in Sources */ = {isa = PBXBuildFile; fileRef = 321FF36F21AC2BE600407C54 /* BookDetailsViewController.swift */; };
		321FF37221AC380900407C54 /* BookDetailsView.swift in Sources */ = {isa = PBXBuildFile; fileRef = 321FF37121AC380900407C54 /* BookDetailsView.swift */; };
		327DD2B921A86074002F68A6 /* BookMockData.swift in Sources */ = {isa = PBXBuildFile; fileRef = 327DD2B821A86074002F68A6 /* BookMockData.swift */; };
		32A0099121A81D780077F007 /* AppDelegate.swift in Sources */ = {isa = PBXBuildFile; fileRef = 32A0099021A81D780077F007 /* AppDelegate.swift */; };
		32A0099621A81D780077F007 /* Main.storyboard in Resources */ = {isa = PBXBuildFile; fileRef = 32A0099421A81D780077F007 /* Main.storyboard */; };
		32A0099821A81D790077F007 /* Assets.xcassets in Resources */ = {isa = PBXBuildFile; fileRef = 32A0099721A81D790077F007 /* Assets.xcassets */; };
		32A0099B21A81D790077F007 /* LaunchScreen.storyboard in Resources */ = {isa = PBXBuildFile; fileRef = 32A0099921A81D790077F007 /* LaunchScreen.storyboard */; };
		32A009A921A81EDD0077F007 /* AllBooksTableViewController.swift in Sources */ = {isa = PBXBuildFile; fileRef = 32A009A821A81EDD0077F007 /* AllBooksTableViewController.swift */; };
		32A009AB21A824F50077F007 /* Book.swift in Sources */ = {isa = PBXBuildFile; fileRef = 32A009AA21A824F50077F007 /* Book.swift */; };
		8991B56A59498CCD9114C9B7 /* Pods_MilenaBooksApp.framework in Frameworks */ = {isa = PBXBuildFile; fileRef = 3579FB3CF998FD5991437F9D /* Pods_MilenaBooksApp.framework */; };
/* End PBXBuildFile section */

/* Begin PBXFileReference section */
		3209B95E21A833C600DD5D84 /* HomeViewController.swift */ = {isa = PBXFileReference; lastKnownFileType = sourcecode.swift; path = HomeViewController.swift; sourceTree = "<group>"; };
		3209B96221A8367D00DD5D84 /* BookTableViewCell.swift */ = {isa = PBXFileReference; lastKnownFileType = sourcecode.swift; path = BookTableViewCell.swift; sourceTree = "<group>"; };
		3210E63D21AFD90600012C18 /* ApiEndPoints.swift */ = {isa = PBXFileReference; lastKnownFileType = sourcecode.swift; path = ApiEndPoints.swift; sourceTree = "<group>"; };
		3210E63F21B00C8E00012C18 /* BookCoverImageViewExtensions.swift */ = {isa = PBXFileReference; lastKnownFileType = sourcecode.swift; path = BookCoverImageViewExtensions.swift; sourceTree = "<group>"; };
		3210E64321B01CEF00012C18 /* Utilities.swift */ = {isa = PBXFileReference; fileEncoding = 4; lastKnownFileType = sourcecode.swift; name = Utilities.swift; path = "../../../ImageGallery/ImageGallery/Supporting Items/Utilities.swift"; sourceTree = "<group>"; };
		3210E64521B01E6800012C18 /* BookCoverImageView.swift */ = {isa = PBXFileReference; lastKnownFileType = sourcecode.swift; path = BookCoverImageView.swift; sourceTree = "<group>"; };
		321160C821AD402500A7D25A /* UploadBookViewController.swift */ = {isa = PBXFileReference; lastKnownFileType = sourcecode.swift; path = UploadBookViewController.swift; sourceTree = "<group>"; };
		321160CC21AD714400A7D25A /* UploadBookView.swift */ = {isa = PBXFileReference; lastKnownFileType = sourcecode.swift; path = UploadBookView.swift; sourceTree = "<group>"; };
		321160CE21AD786300A7D25A /* ActivityButtonView.swift */ = {isa = PBXFileReference; lastKnownFileType = sourcecode.swift; path = ActivityButtonView.swift; sourceTree = "<group>"; };
		321A891821AECB9B00B462BC /* ImageFetcher.swift */ = {isa = PBXFileReference; lastKnownFileType = sourcecode.swift; path = ImageFetcher.swift; sourceTree = "<group>"; };
		321FF36F21AC2BE600407C54 /* BookDetailsViewController.swift */ = {isa = PBXFileReference; lastKnownFileType = sourcecode.swift; path = BookDetailsViewController.swift; sourceTree = "<group>"; };
		321FF37121AC380900407C54 /* BookDetailsView.swift */ = {isa = PBXFileReference; lastKnownFileType = sourcecode.swift; path = BookDetailsView.swift; sourceTree = "<group>"; };
		327DD2B821A86074002F68A6 /* BookMockData.swift */ = {isa = PBXFileReference; lastKnownFileType = sourcecode.swift; path = BookMockData.swift; sourceTree = "<group>"; };
		32A0098D21A81D780077F007 /* MilenaBooksApp.app */ = {isa = PBXFileReference; explicitFileType = wrapper.application; includeInIndex = 0; path = MilenaBooksApp.app; sourceTree = BUILT_PRODUCTS_DIR; };
		32A0099021A81D780077F007 /* AppDelegate.swift */ = {isa = PBXFileReference; lastKnownFileType = sourcecode.swift; path = AppDelegate.swift; sourceTree = "<group>"; };
		32A0099521A81D780077F007 /* Base */ = {isa = PBXFileReference; lastKnownFileType = file.storyboard; name = Base; path = Base.lproj/Main.storyboard; sourceTree = "<group>"; };
		32A0099721A81D790077F007 /* Assets.xcassets */ = {isa = PBXFileReference; lastKnownFileType = folder.assetcatalog; path = Assets.xcassets; sourceTree = "<group>"; };
		32A0099A21A81D790077F007 /* Base */ = {isa = PBXFileReference; lastKnownFileType = file.storyboard; name = Base; path = Base.lproj/LaunchScreen.storyboard; sourceTree = "<group>"; };
		32A0099C21A81D790077F007 /* Info.plist */ = {isa = PBXFileReference; lastKnownFileType = text.plist.xml; path = Info.plist; sourceTree = "<group>"; };
		32A009A821A81EDD0077F007 /* AllBooksTableViewController.swift */ = {isa = PBXFileReference; lastKnownFileType = sourcecode.swift; path = AllBooksTableViewController.swift; sourceTree = "<group>"; };
		32A009AA21A824F50077F007 /* Book.swift */ = {isa = PBXFileReference; lastKnownFileType = sourcecode.swift; path = Book.swift; sourceTree = "<group>"; };
		3579FB3CF998FD5991437F9D /* Pods_MilenaBooksApp.framework */ = {isa = PBXFileReference; explicitFileType = wrapper.framework; includeInIndex = 0; path = Pods_MilenaBooksApp.framework; sourceTree = BUILT_PRODUCTS_DIR; };
		87045D3D75E72CBA8DF7C845 /* Pods-MilenaBooksApp.release.xcconfig */ = {isa = PBXFileReference; includeInIndex = 1; lastKnownFileType = text.xcconfig; name = "Pods-MilenaBooksApp.release.xcconfig"; path = "Pods/Target Support Files/Pods-MilenaBooksApp/Pods-MilenaBooksApp.release.xcconfig"; sourceTree = "<group>"; };
		D6FC5F35123409E65E83F1DA /* Pods-MilenaBooksApp.debug.xcconfig */ = {isa = PBXFileReference; includeInIndex = 1; lastKnownFileType = text.xcconfig; name = "Pods-MilenaBooksApp.debug.xcconfig"; path = "Pods/Target Support Files/Pods-MilenaBooksApp/Pods-MilenaBooksApp.debug.xcconfig"; sourceTree = "<group>"; };
/* End PBXFileReference section */

/* Begin PBXFrameworksBuildPhase section */
		32A0098A21A81D780077F007 /* Frameworks */ = {
			isa = PBXFrameworksBuildPhase;
			buildActionMask = 2147483647;
			files = (
				8991B56A59498CCD9114C9B7 /* Pods_MilenaBooksApp.framework in Frameworks */,
			);
			runOnlyForDeploymentPostprocessing = 0;
		};
/* End PBXFrameworksBuildPhase section */

/* Begin PBXGroup section */
		32A0098421A81D780077F007 = {
			isa = PBXGroup;
			children = (
				32A0098F21A81D780077F007 /* MilenaBooksApp */,
				32A0098E21A81D780077F007 /* Products */,
				BBDFE9401C607AA951745B9A /* Pods */,
				8563A242937E8B781A86BC86 /* Frameworks */,
			);
			sourceTree = "<group>";
		};
		32A0098E21A81D780077F007 /* Products */ = {
			isa = PBXGroup;
			children = (
				32A0098D21A81D780077F007 /* MilenaBooksApp.app */,
			);
			name = Products;
			sourceTree = "<group>";
		};
		32A0098F21A81D780077F007 /* MilenaBooksApp */ = {
			isa = PBXGroup;
			children = (
				32A0099421A81D780077F007 /* Main.storyboard */,
				32A009A721A81E920077F007 /* Models */,
				32A009A621A81E8C0077F007 /* Views */,
				32A009A521A81E650077F007 /* Controllers */,
				32A009A221A81D8B0077F007 /* Supporting Files */,
				32A0099C21A81D790077F007 /* Info.plist */,
			);
			path = MilenaBooksApp;
			sourceTree = "<group>";
		};
		32A009A221A81D8B0077F007 /* Supporting Files */ = {
			isa = PBXGroup;
			children = (
				3210E64321B01CEF00012C18 /* Utilities.swift */,
				32A0099021A81D780077F007 /* AppDelegate.swift */,
				32A0099721A81D790077F007 /* Assets.xcassets */,
				32A0099921A81D790077F007 /* LaunchScreen.storyboard */,
				327DD2B821A86074002F68A6 /* BookMockData.swift */,
				321A891821AECB9B00B462BC /* ImageFetcher.swift */,
				3210E63D21AFD90600012C18 /* ApiEndPoints.swift */,
				3210E63F21B00C8E00012C18 /* BookCoverImageViewExtensions.swift */,
			);
			path = "Supporting Files";
			sourceTree = "<group>";
		};
		32A009A521A81E650077F007 /* Controllers */ = {
			isa = PBXGroup;
			children = (
				3209B95E21A833C600DD5D84 /* HomeViewController.swift */,
				32A009A821A81EDD0077F007 /* AllBooksTableViewController.swift */,
				321160C821AD402500A7D25A /* UploadBookViewController.swift */,
				321FF36F21AC2BE600407C54 /* BookDetailsViewController.swift */,
			);
			path = Controllers;
			sourceTree = "<group>";
		};
		32A009A621A81E8C0077F007 /* Views */ = {
			isa = PBXGroup;
			children = (
				3209B96221A8367D00DD5D84 /* BookTableViewCell.swift */,
				3210E64521B01E6800012C18 /* BookCoverImageView.swift */,
				321FF37121AC380900407C54 /* BookDetailsView.swift */,
				321160CC21AD714400A7D25A /* UploadBookView.swift */,
				321160CE21AD786300A7D25A /* ActivityButtonView.swift */,
			);
			path = Views;
			sourceTree = "<group>";
		};
		32A009A721A81E920077F007 /* Models */ = {
			isa = PBXGroup;
			children = (
				32A009AA21A824F50077F007 /* Book.swift */,
			);
			path = Models;
			sourceTree = "<group>";
		};
		8563A242937E8B781A86BC86 /* Frameworks */ = {
			isa = PBXGroup;
			children = (
				3579FB3CF998FD5991437F9D /* Pods_MilenaBooksApp.framework */,
			);
			name = Frameworks;
			sourceTree = "<group>";
		};
		BBDFE9401C607AA951745B9A /* Pods */ = {
			isa = PBXGroup;
			children = (
				D6FC5F35123409E65E83F1DA /* Pods-MilenaBooksApp.debug.xcconfig */,
				87045D3D75E72CBA8DF7C845 /* Pods-MilenaBooksApp.release.xcconfig */,
			);
			name = Pods;
			sourceTree = "<group>";
		};
/* End PBXGroup section */

/* Begin PBXNativeTarget section */
		32A0098C21A81D780077F007 /* MilenaBooksApp */ = {
			isa = PBXNativeTarget;
			buildConfigurationList = 32A0099F21A81D790077F007 /* Build configuration list for PBXNativeTarget "MilenaBooksApp" */;
			buildPhases = (
				B1EE263B173992B044B5B097 /* [CP] Check Pods Manifest.lock */,
				32A0098921A81D780077F007 /* Sources */,
				32A0098A21A81D780077F007 /* Frameworks */,
				32A0098B21A81D780077F007 /* Resources */,
				F67B933BD81B811B16687EE2 /* [CP] Embed Pods Frameworks */,
			);
			buildRules = (
			);
			dependencies = (
			);
			name = MilenaBooksApp;
			productName = MilenaBooksApp;
			productReference = 32A0098D21A81D780077F007 /* MilenaBooksApp.app */;
			productType = "com.apple.product-type.application";
		};
/* End PBXNativeTarget section */

/* Begin PBXProject section */
		32A0098521A81D780077F007 /* Project object */ = {
			isa = PBXProject;
			attributes = {
				LastSwiftUpdateCheck = 1010;
				LastUpgradeCheck = 1010;
				ORGANIZATIONNAME = Plamen;
				TargetAttributes = {
					32A0098C21A81D780077F007 = {
						CreatedOnToolsVersion = 10.1;
					};
				};
			};
			buildConfigurationList = 32A0098821A81D780077F007 /* Build configuration list for PBXProject "MilenaBooksApp" */;
			compatibilityVersion = "Xcode 9.3";
			developmentRegion = en;
			hasScannedForEncodings = 0;
			knownRegions = (
				en,
				Base,
			);
			mainGroup = 32A0098421A81D780077F007;
			productRefGroup = 32A0098E21A81D780077F007 /* Products */;
			projectDirPath = "";
			projectRoot = "";
			targets = (
				32A0098C21A81D780077F007 /* MilenaBooksApp */,
			);
		};
/* End PBXProject section */

/* Begin PBXResourcesBuildPhase section */
		32A0098B21A81D780077F007 /* Resources */ = {
			isa = PBXResourcesBuildPhase;
			buildActionMask = 2147483647;
			files = (
				32A0099B21A81D790077F007 /* LaunchScreen.storyboard in Resources */,
				32A0099821A81D790077F007 /* Assets.xcassets in Resources */,
				32A0099621A81D780077F007 /* Main.storyboard in Resources */,
			);
			runOnlyForDeploymentPostprocessing = 0;
		};
/* End PBXResourcesBuildPhase section */

/* Begin PBXShellScriptBuildPhase section */
		B1EE263B173992B044B5B097 /* [CP] Check Pods Manifest.lock */ = {
			isa = PBXShellScriptBuildPhase;
			buildActionMask = 2147483647;
			files = (
			);
			inputFileListPaths = (
			);
			inputPaths = (
				"${PODS_PODFILE_DIR_PATH}/Podfile.lock",
				"${PODS_ROOT}/Manifest.lock",
			);
			name = "[CP] Check Pods Manifest.lock";
			outputFileListPaths = (
			);
			outputPaths = (
				"$(DERIVED_FILE_DIR)/Pods-MilenaBooksApp-checkManifestLockResult.txt",
			);
			runOnlyForDeploymentPostprocessing = 0;
			shellPath = /bin/sh;
			shellScript = "diff \"${PODS_PODFILE_DIR_PATH}/Podfile.lock\" \"${PODS_ROOT}/Manifest.lock\" > /dev/null\nif [ $? != 0 ] ; then\n    # print error to STDERR\n    echo \"error: The sandbox is not in sync with the Podfile.lock. Run 'pod install' or update your CocoaPods installation.\" >&2\n    exit 1\nfi\n# This output is used by Xcode 'outputs' to avoid re-running this script phase.\necho \"SUCCESS\" > \"${SCRIPT_OUTPUT_FILE_0}\"\n";
			showEnvVarsInLog = 0;
		};
		F67B933BD81B811B16687EE2 /* [CP] Embed Pods Frameworks */ = {
			isa = PBXShellScriptBuildPhase;
			buildActionMask = 2147483647;
			files = (
			);
			inputFileListPaths = (
			);
			inputPaths = (
				"${SRCROOT}/Pods/Target Support Files/Pods-MilenaBooksApp/Pods-MilenaBooksApp-frameworks.sh",
				"${BUILT_PRODUCTS_DIR}/Alamofire/Alamofire.framework",
				"${BUILT_PRODUCTS_DIR}/AlamofireObjectMapper/AlamofireObjectMapper.framework",
				"${BUILT_PRODUCTS_DIR}/ObjectMapper/ObjectMapper.framework",
			);
			name = "[CP] Embed Pods Frameworks";
			outputFileListPaths = (
			);
			outputPaths = (
				"${TARGET_BUILD_DIR}/${FRAMEWORKS_FOLDER_PATH}/Alamofire.framework",
				"${TARGET_BUILD_DIR}/${FRAMEWORKS_FOLDER_PATH}/AlamofireObjectMapper.framework",
				"${TARGET_BUILD_DIR}/${FRAMEWORKS_FOLDER_PATH}/ObjectMapper.framework",
			);
			runOnlyForDeploymentPostprocessing = 0;
			shellPath = /bin/sh;
			shellScript = "\"${SRCROOT}/Pods/Target Support Files/Pods-MilenaBooksApp/Pods-MilenaBooksApp-frameworks.sh\"\n";
			showEnvVarsInLog = 0;
		};
/* End PBXShellScriptBuildPhase section */

/* Begin PBXSourcesBuildPhase section */
		32A0098921A81D780077F007 /* Sources */ = {
			isa = PBXSourcesBuildPhase;
			buildActionMask = 2147483647;
			files = (
				32A009A921A81EDD0077F007 /* AllBooksTableViewController.swift in Sources */,
				321160CD21AD714400A7D25A /* UploadBookView.swift in Sources */,
				321FF37021AC2BE600407C54 /* BookDetailsViewController.swift in Sources */,
				3210E64421B01CEF00012C18 /* Utilities.swift in Sources */,
				32A0099121A81D780077F007 /* AppDelegate.swift in Sources */,
				327DD2B921A86074002F68A6 /* BookMockData.swift in Sources */,
				321FF37221AC380900407C54 /* BookDetailsView.swift in Sources */,
				3210E64021B00C8E00012C18 /* BookCoverImageViewExtensions.swift in Sources */,
				321160C921AD402500A7D25A /* UploadBookViewController.swift in Sources */,
				321A891921AECB9B00B462BC /* ImageFetcher.swift in Sources */,
				32A009AB21A824F50077F007 /* Book.swift in Sources */,
				3210E64621B01E6800012C18 /* BookCoverImageView.swift in Sources */,
				3210E63E21AFD90600012C18 /* ApiEndPoints.swift in Sources */,
				3209B96321A8367D00DD5D84 /* BookTableViewCell.swift in Sources */,
				3209B95F21A833C600DD5D84 /* HomeViewController.swift in Sources */,
				321160CF21AD786300A7D25A /* ActivityButtonView.swift in Sources */,
			);
			runOnlyForDeploymentPostprocessing = 0;
		};
/* End PBXSourcesBuildPhase section */

/* Begin PBXVariantGroup section */
		32A0099421A81D780077F007 /* Main.storyboard */ = {
			isa = PBXVariantGroup;
			children = (
				32A0099521A81D780077F007 /* Base */,
			);
			name = Main.storyboard;
			sourceTree = "<group>";
		};
		32A0099921A81D790077F007 /* LaunchScreen.storyboard */ = {
			isa = PBXVariantGroup;
			children = (
				32A0099A21A81D790077F007 /* Base */,
			);
			name = LaunchScreen.storyboard;
			sourceTree = "<group>";
		};
/* End PBXVariantGroup section */

/* Begin XCBuildConfiguration section */
		32A0099D21A81D790077F007 /* Debug */ = {
			isa = XCBuildConfiguration;
			buildSettings = {
				ALWAYS_SEARCH_USER_PATHS = NO;
				CLANG_ANALYZER_NONNULL = YES;
				CLANG_ANALYZER_NUMBER_OBJECT_CONVERSION = YES_AGGRESSIVE;
				CLANG_CXX_LANGUAGE_STANDARD = "gnu++14";
				CLANG_CXX_LIBRARY = "libc++";
				CLANG_ENABLE_MODULES = YES;
				CLANG_ENABLE_OBJC_ARC = YES;
				CLANG_ENABLE_OBJC_WEAK = YES;
				CLANG_WARN_BLOCK_CAPTURE_AUTORELEASING = YES;
				CLANG_WARN_BOOL_CONVERSION = YES;
				CLANG_WARN_COMMA = YES;
				CLANG_WARN_CONSTANT_CONVERSION = YES;
				CLANG_WARN_DEPRECATED_OBJC_IMPLEMENTATIONS = YES;
				CLANG_WARN_DIRECT_OBJC_ISA_USAGE = YES_ERROR;
				CLANG_WARN_DOCUMENTATION_COMMENTS = YES;
				CLANG_WARN_EMPTY_BODY = YES;
				CLANG_WARN_ENUM_CONVERSION = YES;
				CLANG_WARN_INFINITE_RECURSION = YES;
				CLANG_WARN_INT_CONVERSION = YES;
				CLANG_WARN_NON_LITERAL_NULL_CONVERSION = YES;
				CLANG_WARN_OBJC_IMPLICIT_RETAIN_SELF = YES;
				CLANG_WARN_OBJC_LITERAL_CONVERSION = YES;
				CLANG_WARN_OBJC_ROOT_CLASS = YES_ERROR;
				CLANG_WARN_RANGE_LOOP_ANALYSIS = YES;
				CLANG_WARN_STRICT_PROTOTYPES = YES;
				CLANG_WARN_SUSPICIOUS_MOVE = YES;
				CLANG_WARN_UNGUARDED_AVAILABILITY = YES_AGGRESSIVE;
				CLANG_WARN_UNREACHABLE_CODE = YES;
				CLANG_WARN__DUPLICATE_METHOD_MATCH = YES;
				CODE_SIGN_IDENTITY = "iPhone Developer";
				COPY_PHASE_STRIP = NO;
				DEBUG_INFORMATION_FORMAT = dwarf;
				ENABLE_STRICT_OBJC_MSGSEND = YES;
				ENABLE_TESTABILITY = YES;
				GCC_C_LANGUAGE_STANDARD = gnu11;
				GCC_DYNAMIC_NO_PIC = NO;
				GCC_NO_COMMON_BLOCKS = YES;
				GCC_OPTIMIZATION_LEVEL = 0;
				GCC_PREPROCESSOR_DEFINITIONS = (
					"DEBUG=1",
					"$(inherited)",
				);
				GCC_WARN_64_TO_32_BIT_CONVERSION = YES;
				GCC_WARN_ABOUT_RETURN_TYPE = YES_ERROR;
				GCC_WARN_UNDECLARED_SELECTOR = YES;
				GCC_WARN_UNINITIALIZED_AUTOS = YES_AGGRESSIVE;
				GCC_WARN_UNUSED_FUNCTION = YES;
				GCC_WARN_UNUSED_VARIABLE = YES;
				IPHONEOS_DEPLOYMENT_TARGET = 12.1;
				MTL_ENABLE_DEBUG_INFO = INCLUDE_SOURCE;
				MTL_FAST_MATH = YES;
				ONLY_ACTIVE_ARCH = YES;
				SDKROOT = iphoneos;
				SWIFT_ACTIVE_COMPILATION_CONDITIONS = DEBUG;
				SWIFT_OPTIMIZATION_LEVEL = "-Onone";
			};
			name = Debug;
		};
		32A0099E21A81D790077F007 /* Release */ = {
			isa = XCBuildConfiguration;
			buildSettings = {
				ALWAYS_SEARCH_USER_PATHS = NO;
				CLANG_ANALYZER_NONNULL = YES;
				CLANG_ANALYZER_NUMBER_OBJECT_CONVERSION = YES_AGGRESSIVE;
				CLANG_CXX_LANGUAGE_STANDARD = "gnu++14";
				CLANG_CXX_LIBRARY = "libc++";
				CLANG_ENABLE_MODULES = YES;
				CLANG_ENABLE_OBJC_ARC = YES;
				CLANG_ENABLE_OBJC_WEAK = YES;
				CLANG_WARN_BLOCK_CAPTURE_AUTORELEASING = YES;
				CLANG_WARN_BOOL_CONVERSION = YES;
				CLANG_WARN_COMMA = YES;
				CLANG_WARN_CONSTANT_CONVERSION = YES;
				CLANG_WARN_DEPRECATED_OBJC_IMPLEMENTATIONS = YES;
				CLANG_WARN_DIRECT_OBJC_ISA_USAGE = YES_ERROR;
				CLANG_WARN_DOCUMENTATION_COMMENTS = YES;
				CLANG_WARN_EMPTY_BODY = YES;
				CLANG_WARN_ENUM_CONVERSION = YES;
				CLANG_WARN_INFINITE_RECURSION = YES;
				CLANG_WARN_INT_CONVERSION = YES;
				CLANG_WARN_NON_LITERAL_NULL_CONVERSION = YES;
				CLANG_WARN_OBJC_IMPLICIT_RETAIN_SELF = YES;
				CLANG_WARN_OBJC_LITERAL_CONVERSION = YES;
				CLANG_WARN_OBJC_ROOT_CLASS = YES_ERROR;
				CLANG_WARN_RANGE_LOOP_ANALYSIS = YES;
				CLANG_WARN_STRICT_PROTOTYPES = YES;
				CLANG_WARN_SUSPICIOUS_MOVE = YES;
				CLANG_WARN_UNGUARDED_AVAILABILITY = YES_AGGRESSIVE;
				CLANG_WARN_UNREACHABLE_CODE = YES;
				CLANG_WARN__DUPLICATE_METHOD_MATCH = YES;
				CODE_SIGN_IDENTITY = "iPhone Developer";
				COPY_PHASE_STRIP = NO;
				DEBUG_INFORMATION_FORMAT = "dwarf-with-dsym";
				ENABLE_NS_ASSERTIONS = NO;
				ENABLE_STRICT_OBJC_MSGSEND = YES;
				GCC_C_LANGUAGE_STANDARD = gnu11;
				GCC_NO_COMMON_BLOCKS = YES;
				GCC_WARN_64_TO_32_BIT_CONVERSION = YES;
				GCC_WARN_ABOUT_RETURN_TYPE = YES_ERROR;
				GCC_WARN_UNDECLARED_SELECTOR = YES;
				GCC_WARN_UNINITIALIZED_AUTOS = YES_AGGRESSIVE;
				GCC_WARN_UNUSED_FUNCTION = YES;
				GCC_WARN_UNUSED_VARIABLE = YES;
				IPHONEOS_DEPLOYMENT_TARGET = 12.1;
				MTL_ENABLE_DEBUG_INFO = NO;
				MTL_FAST_MATH = YES;
				SDKROOT = iphoneos;
				SWIFT_COMPILATION_MODE = wholemodule;
				SWIFT_OPTIMIZATION_LEVEL = "-O";
				VALIDATE_PRODUCT = YES;
			};
			name = Release;
		};
		32A009A021A81D790077F007 /* Debug */ = {
			isa = XCBuildConfiguration;
			baseConfigurationReference = D6FC5F35123409E65E83F1DA /* Pods-MilenaBooksApp.debug.xcconfig */;
			buildSettings = {
				ASSETCATALOG_COMPILER_APPICON_NAME = AppIcon;
				CODE_SIGN_STYLE = Automatic;
				DEVELOPMENT_TEAM = 5972PXLFMZ;
				INFOPLIST_FILE = MilenaBooksApp/Info.plist;
				LD_RUNPATH_SEARCH_PATHS = (
					"$(inherited)",
					"@executable_path/Frameworks",
				);
				PRODUCT_BUNDLE_IDENTIFIER = cpa.MilenaBooksApp;
				PRODUCT_NAME = "$(TARGET_NAME)";
				SWIFT_VERSION = 4.2;
				TARGETED_DEVICE_FAMILY = "1,2";
			};
			name = Debug;
		};
		32A009A121A81D790077F007 /* Release */ = {
			isa = XCBuildConfiguration;
			baseConfigurationReference = 87045D3D75E72CBA8DF7C845 /* Pods-MilenaBooksApp.release.xcconfig */;
			buildSettings = {
				ASSETCATALOG_COMPILER_APPICON_NAME = AppIcon;
				CODE_SIGN_STYLE = Automatic;
				DEVELOPMENT_TEAM = 5972PXLFMZ;
				INFOPLIST_FILE = MilenaBooksApp/Info.plist;
				LD_RUNPATH_SEARCH_PATHS = (
					"$(inherited)",
					"@executable_path/Frameworks",
				);
				PRODUCT_BUNDLE_IDENTIFIER = cpa.MilenaBooksApp;
				PRODUCT_NAME = "$(TARGET_NAME)";
				SWIFT_VERSION = 4.2;
				TARGETED_DEVICE_FAMILY = "1,2";
			};
			name = Release;
		};
/* End XCBuildConfiguration section */

/* Begin XCConfigurationList section */
		32A0098821A81D780077F007 /* Build configuration list for PBXProject "MilenaBooksApp" */ = {
			isa = XCConfigurationList;
			buildConfigurations = (
				32A0099D21A81D790077F007 /* Debug */,
				32A0099E21A81D790077F007 /* Release */,
			);
			defaultConfigurationIsVisible = 0;
			defaultConfigurationName = Release;
		};
		32A0099F21A81D790077F007 /* Build configuration list for PBXNativeTarget "MilenaBooksApp" */ = {
			isa = XCConfigurationList;
			buildConfigurations = (
				32A009A021A81D790077F007 /* Debug */,
				32A009A121A81D790077F007 /* Release */,
			);
			defaultConfigurationIsVisible = 0;
			defaultConfigurationName = Release;
		};
/* End XCConfigurationList section */
	};
	rootObject = 32A0098521A81D780077F007 /* Project object */;
}
