// !$*UTF8*$!
{
	archiveVersion = 1;
	classes = {
	};
	objectVersion = 50;
	objects = {

/* Begin PBXBuildFile section */
		322559022386BC81001F69E6 /* AnimalDetails.swift in Sources */ = {isa = PBXBuildFile; fileRef = 322559012386BC81001F69E6 /* AnimalDetails.swift */; };
		3245B1A6238EA332008CFC8B /* AnimalCell.swift in Sources */ = {isa = PBXBuildFile; fileRef = 3245B1A5238EA332008CFC8B /* AnimalCell.swift */; };
		3245B1A8238EA656008CFC8B /* SegmentControlView.swift in Sources */ = {isa = PBXBuildFile; fileRef = 3245B1A7238EA656008CFC8B /* SegmentControlView.swift */; };
		3245B1AA238EC500008CFC8B /* CustomButton.swift in Sources */ = {isa = PBXBuildFile; fileRef = 3245B1A9238EC500008CFC8B /* CustomButton.swift */; };
		324E566C23869D000083D621 /* AppDelegate.swift in Sources */ = {isa = PBXBuildFile; fileRef = 324E566B23869D000083D621 /* AppDelegate.swift */; };
		324E566E23869D000083D621 /* SceneDelegate.swift in Sources */ = {isa = PBXBuildFile; fileRef = 324E566D23869D000083D621 /* SceneDelegate.swift */; };
		324E567023869D000083D621 /* ContentView.swift in Sources */ = {isa = PBXBuildFile; fileRef = 324E566F23869D000083D621 /* ContentView.swift */; };
		324E567223869D020083D621 /* Assets.xcassets in Resources */ = {isa = PBXBuildFile; fileRef = 324E567123869D020083D621 /* Assets.xcassets */; };
		324E567523869D020083D621 /* Preview Assets.xcassets in Resources */ = {isa = PBXBuildFile; fileRef = 324E567423869D020083D621 /* Preview Assets.xcassets */; };
		324E567823869D020083D621 /* LaunchScreen.storyboard in Resources */ = {isa = PBXBuildFile; fileRef = 324E567623869D020083D621 /* LaunchScreen.storyboard */; };
		324E568023869D4E0083D621 /* Animal.swift in Sources */ = {isa = PBXBuildFile; fileRef = 324E567F23869D4E0083D621 /* Animal.swift */; };
		327A6D4123BE1007009EC7E1 /* ActivityIndicator.swift in Sources */ = {isa = PBXBuildFile; fileRef = 327A6D4023BE1007009EC7E1 /* ActivityIndicator.swift */; };
		32ED8BA723C36519000CB1EA /* Main.storyboard in Resources */ = {isa = PBXBuildFile; fileRef = 32ED8BA623C36519000CB1EA /* Main.storyboard */; };
		32ED8BAA23C366E8000CB1EA /* HomeViewController.swift in Sources */ = {isa = PBXBuildFile; fileRef = 32ED8BA923C366E8000CB1EA /* HomeViewController.swift */; };
		32ED8BAD23C3907C000CB1EA /* TableViewRepresentable.swift in Sources */ = {isa = PBXBuildFile; fileRef = 32ED8BAC23C3907C000CB1EA /* TableViewRepresentable.swift */; };
/* End PBXBuildFile section */

/* Begin PBXFileReference section */
		322559012386BC81001F69E6 /* AnimalDetails.swift */ = {isa = PBXFileReference; lastKnownFileType = sourcecode.swift; path = AnimalDetails.swift; sourceTree = "<group>"; };
		3245B1A5238EA332008CFC8B /* AnimalCell.swift */ = {isa = PBXFileReference; lastKnownFileType = sourcecode.swift; path = AnimalCell.swift; sourceTree = "<group>"; };
		3245B1A7238EA656008CFC8B /* SegmentControlView.swift */ = {isa = PBXFileReference; lastKnownFileType = sourcecode.swift; path = SegmentControlView.swift; sourceTree = "<group>"; };
		3245B1A9238EC500008CFC8B /* CustomButton.swift */ = {isa = PBXFileReference; lastKnownFileType = sourcecode.swift; path = CustomButton.swift; sourceTree = "<group>"; };
		324E566823869D000083D621 /* SwiftUITest.app */ = {isa = PBXFileReference; explicitFileType = wrapper.application; includeInIndex = 0; path = SwiftUITest.app; sourceTree = BUILT_PRODUCTS_DIR; };
		324E566B23869D000083D621 /* AppDelegate.swift */ = {isa = PBXFileReference; lastKnownFileType = sourcecode.swift; path = AppDelegate.swift; sourceTree = "<group>"; };
		324E566D23869D000083D621 /* SceneDelegate.swift */ = {isa = PBXFileReference; lastKnownFileType = sourcecode.swift; path = SceneDelegate.swift; sourceTree = "<group>"; };
		324E566F23869D000083D621 /* ContentView.swift */ = {isa = PBXFileReference; lastKnownFileType = sourcecode.swift; path = ContentView.swift; sourceTree = "<group>"; };
		324E567123869D020083D621 /* Assets.xcassets */ = {isa = PBXFileReference; lastKnownFileType = folder.assetcatalog; path = Assets.xcassets; sourceTree = "<group>"; };
		324E567423869D020083D621 /* Preview Assets.xcassets */ = {isa = PBXFileReference; lastKnownFileType = folder.assetcatalog; path = "Preview Assets.xcassets"; sourceTree = "<group>"; };
		324E567723869D020083D621 /* Base */ = {isa = PBXFileReference; lastKnownFileType = file.storyboard; name = Base; path = Base.lproj/LaunchScreen.storyboard; sourceTree = "<group>"; };
		324E567923869D020083D621 /* Info.plist */ = {isa = PBXFileReference; lastKnownFileType = text.plist.xml; path = Info.plist; sourceTree = "<group>"; };
		324E567F23869D4E0083D621 /* Animal.swift */ = {isa = PBXFileReference; fileEncoding = 4; lastKnownFileType = sourcecode.swift; path = Animal.swift; sourceTree = "<group>"; };
		327A6D4023BE1007009EC7E1 /* ActivityIndicator.swift */ = {isa = PBXFileReference; lastKnownFileType = sourcecode.swift; path = ActivityIndicator.swift; sourceTree = "<group>"; };
		32ED8BA623C36519000CB1EA /* Main.storyboard */ = {isa = PBXFileReference; lastKnownFileType = file.storyboard; path = Main.storyboard; sourceTree = "<group>"; };
		32ED8BA923C366E8000CB1EA /* HomeViewController.swift */ = {isa = PBXFileReference; lastKnownFileType = sourcecode.swift; path = HomeViewController.swift; sourceTree = "<group>"; };
		32ED8BAC23C3907C000CB1EA /* TableViewRepresentable.swift */ = {isa = PBXFileReference; lastKnownFileType = sourcecode.swift; path = TableViewRepresentable.swift; sourceTree = "<group>"; };
/* End PBXFileReference section */

/* Begin PBXFrameworksBuildPhase section */
		324E566523869D000083D621 /* Frameworks */ = {
			isa = PBXFrameworksBuildPhase;
			buildActionMask = 2147483647;
			files = (
			);
			runOnlyForDeploymentPostprocessing = 0;
		};
/* End PBXFrameworksBuildPhase section */

/* Begin PBXGroup section */
		322559032386BE95001F69E6 /* Views */ = {
			isa = PBXGroup;
			children = (
				324E566F23869D000083D621 /* ContentView.swift */,
				3245B1A5238EA332008CFC8B /* AnimalCell.swift */,
				322559012386BC81001F69E6 /* AnimalDetails.swift */,
				3245B1A7238EA656008CFC8B /* SegmentControlView.swift */,
				3245B1A9238EC500008CFC8B /* CustomButton.swift */,
			);
			path = Views;
			sourceTree = "<group>";
		};
		324E565F23869D000083D621 = {
			isa = PBXGroup;
			children = (
				324E566A23869D000083D621 /* SwiftUITest */,
				324E566923869D000083D621 /* Products */,
			);
			sourceTree = "<group>";
		};
		324E566923869D000083D621 /* Products */ = {
			isa = PBXGroup;
			children = (
				324E566823869D000083D621 /* SwiftUITest.app */,
			);
			name = Products;
			sourceTree = "<group>";
		};
		324E566A23869D000083D621 /* SwiftUITest */ = {
			isa = PBXGroup;
			children = (
				32ED8BAB23C3904E000CB1EA /* Representables */,
				32ED8BA823C366BE000CB1EA /* View Controllers */,
				322559032386BE95001F69E6 /* Views */,
				324E56812386A5690083D621 /* Models */,
				324E566B23869D000083D621 /* AppDelegate.swift */,
				324E566D23869D000083D621 /* SceneDelegate.swift */,
				324E567123869D020083D621 /* Assets.xcassets */,
				324E567623869D020083D621 /* LaunchScreen.storyboard */,
				324E567923869D020083D621 /* Info.plist */,
				324E567323869D020083D621 /* Preview Content */,
				32ED8BA623C36519000CB1EA /* Main.storyboard */,
			);
			path = SwiftUITest;
			sourceTree = "<group>";
		};
		324E567323869D020083D621 /* Preview Content */ = {
			isa = PBXGroup;
			children = (
				324E567423869D020083D621 /* Preview Assets.xcassets */,
			);
			path = "Preview Content";
			sourceTree = "<group>";
		};
		324E56812386A5690083D621 /* Models */ = {
			isa = PBXGroup;
			children = (
				324E567F23869D4E0083D621 /* Animal.swift */,
			);
			path = Models;
			sourceTree = "<group>";
		};
		32ED8BA823C366BE000CB1EA /* View Controllers */ = {
			isa = PBXGroup;
			children = (
				32ED8BA923C366E8000CB1EA /* HomeViewController.swift */,
			);
			path = "View Controllers";
			sourceTree = "<group>";
		};
		32ED8BAB23C3904E000CB1EA /* Representables */ = {
			isa = PBXGroup;
			children = (
				327A6D4023BE1007009EC7E1 /* ActivityIndicator.swift */,
				32ED8BAC23C3907C000CB1EA /* TableViewRepresentable.swift */,
			);
			path = Representables;
			sourceTree = "<group>";
		};
/* End PBXGroup section */

/* Begin PBXNativeTarget section */
		324E566723869D000083D621 /* SwiftUITest */ = {
			isa = PBXNativeTarget;
			buildConfigurationList = 324E567C23869D020083D621 /* Build configuration list for PBXNativeTarget "SwiftUITest" */;
			buildPhases = (
				324E566423869D000083D621 /* Sources */,
				324E566523869D000083D621 /* Frameworks */,
				324E566623869D000083D621 /* Resources */,
			);
			buildRules = (
			);
			dependencies = (
			);
			name = SwiftUITest;
			productName = SwiftUITest;
			productReference = 324E566823869D000083D621 /* SwiftUITest.app */;
			productType = "com.apple.product-type.application";
		};
/* End PBXNativeTarget section */

/* Begin PBXProject section */
		324E566023869D000083D621 /* Project object */ = {
			isa = PBXProject;
			attributes = {
				LastSwiftUpdateCheck = 1120;
				LastUpgradeCheck = 1120;
				ORGANIZATIONNAME = "Plamen Atanasov";
				TargetAttributes = {
					324E566723869D000083D621 = {
						CreatedOnToolsVersion = 11.2.1;
					};
				};
			};
			buildConfigurationList = 324E566323869D000083D621 /* Build configuration list for PBXProject "SwiftUITest" */;
			compatibilityVersion = "Xcode 9.3";
			developmentRegion = en;
			hasScannedForEncodings = 0;
			knownRegions = (
				en,
				Base,
			);
			mainGroup = 324E565F23869D000083D621;
			productRefGroup = 324E566923869D000083D621 /* Products */;
			projectDirPath = "";
			projectRoot = "";
			targets = (
				324E566723869D000083D621 /* SwiftUITest */,
			);
		};
/* End PBXProject section */

/* Begin PBXResourcesBuildPhase section */
		324E566623869D000083D621 /* Resources */ = {
			isa = PBXResourcesBuildPhase;
			buildActionMask = 2147483647;
			files = (
				324E567823869D020083D621 /* LaunchScreen.storyboard in Resources */,
				324E567523869D020083D621 /* Preview Assets.xcassets in Resources */,
				324E567223869D020083D621 /* Assets.xcassets in Resources */,
				32ED8BA723C36519000CB1EA /* Main.storyboard in Resources */,
			);
			runOnlyForDeploymentPostprocessing = 0;
		};
/* End PBXResourcesBuildPhase section */

/* Begin PBXSourcesBuildPhase section */
		324E566423869D000083D621 /* Sources */ = {
			isa = PBXSourcesBuildPhase;
			buildActionMask = 2147483647;
			files = (
				324E566C23869D000083D621 /* AppDelegate.swift in Sources */,
				3245B1A6238EA332008CFC8B /* AnimalCell.swift in Sources */,
				324E568023869D4E0083D621 /* Animal.swift in Sources */,
				32ED8BAD23C3907C000CB1EA /* TableViewRepresentable.swift in Sources */,
				324E566E23869D000083D621 /* SceneDelegate.swift in Sources */,
				3245B1AA238EC500008CFC8B /* CustomButton.swift in Sources */,
				32ED8BAA23C366E8000CB1EA /* HomeViewController.swift in Sources */,
				3245B1A8238EA656008CFC8B /* SegmentControlView.swift in Sources */,
				322559022386BC81001F69E6 /* AnimalDetails.swift in Sources */,
				327A6D4123BE1007009EC7E1 /* ActivityIndicator.swift in Sources */,
				324E567023869D000083D621 /* ContentView.swift in Sources */,
			);
			runOnlyForDeploymentPostprocessing = 0;
		};
/* End PBXSourcesBuildPhase section */

/* Begin PBXVariantGroup section */
		324E567623869D020083D621 /* LaunchScreen.storyboard */ = {
			isa = PBXVariantGroup;
			children = (
				324E567723869D020083D621 /* Base */,
			);
			name = LaunchScreen.storyboard;
			sourceTree = "<group>";
		};
/* End PBXVariantGroup section */

/* Begin XCBuildConfiguration section */
		324E567A23869D020083D621 /* Debug */ = {
			isa = XCBuildConfiguration;
			buildSettings = {
				ALWAYS_SEARCH_USER_PATHS = NO;
				CLANG_ANALYZER_NONNULL = YES;
				CLANG_ANALYZER_NUMBER_OBJECT_CONVERSION = YES_AGGRESSIVE;
				CLANG_CXX_LANGUAGE_STANDARD = "gnu++14";
				CLANG_CXX_LIBRARY = "libc++";
				CLANG_ENABLE_MODULES = YES;
				CLANG_ENABLE_OBJC_ARC = YES;
				CLANG_ENABLE_OBJC_WEAK = YES;
				CLANG_WARN_BLOCK_CAPTURE_AUTORELEASING = YES;
				CLANG_WARN_BOOL_CONVERSION = YES;
				CLANG_WARN_COMMA = YES;
				CLANG_WARN_CONSTANT_CONVERSION = YES;
				CLANG_WARN_DEPRECATED_OBJC_IMPLEMENTATIONS = YES;
				CLANG_WARN_DIRECT_OBJC_ISA_USAGE = YES_ERROR;
				CLANG_WARN_DOCUMENTATION_COMMENTS = YES;
				CLANG_WARN_EMPTY_BODY = YES;
				CLANG_WARN_ENUM_CONVERSION = YES;
				CLANG_WARN_INFINITE_RECURSION = YES;
				CLANG_WARN_INT_CONVERSION = YES;
				CLANG_WARN_NON_LITERAL_NULL_CONVERSION = YES;
				CLANG_WARN_OBJC_IMPLICIT_RETAIN_SELF = YES;
				CLANG_WARN_OBJC_LITERAL_CONVERSION = YES;
				CLANG_WARN_OBJC_ROOT_CLASS = YES_ERROR;
				CLANG_WARN_RANGE_LOOP_ANALYSIS = YES;
				CLANG_WARN_STRICT_PROTOTYPES = YES;
				CLANG_WARN_SUSPICIOUS_MOVE = YES;
				CLANG_WARN_UNGUARDED_AVAILABILITY = YES_AGGRESSIVE;
				CLANG_WARN_UNREACHABLE_CODE = YES;
				CLANG_WARN__DUPLICATE_METHOD_MATCH = YES;
				COPY_PHASE_STRIP = NO;
				DEBUG_INFORMATION_FORMAT = dwarf;
				ENABLE_STRICT_OBJC_MSGSEND = YES;
				ENABLE_TESTABILITY = YES;
				GCC_C_LANGUAGE_STANDARD = gnu11;
				GCC_DYNAMIC_NO_PIC = NO;
				GCC_NO_COMMON_BLOCKS = YES;
				GCC_OPTIMIZATION_LEVEL = 0;
				GCC_PREPROCESSOR_DEFINITIONS = (
					"DEBUG=1",
					"$(inherited)",
				);
				GCC_WARN_64_TO_32_BIT_CONVERSION = YES;
				GCC_WARN_ABOUT_RETURN_TYPE = YES_ERROR;
				GCC_WARN_UNDECLARED_SELECTOR = YES;
				GCC_WARN_UNINITIALIZED_AUTOS = YES_AGGRESSIVE;
				GCC_WARN_UNUSED_FUNCTION = YES;
				GCC_WARN_UNUSED_VARIABLE = YES;
				IPHONEOS_DEPLOYMENT_TARGET = 13.1;
				MTL_ENABLE_DEBUG_INFO = INCLUDE_SOURCE;
				MTL_FAST_MATH = YES;
				ONLY_ACTIVE_ARCH = YES;
				SDKROOT = iphoneos;
				SWIFT_ACTIVE_COMPILATION_CONDITIONS = DEBUG;
				SWIFT_OPTIMIZATION_LEVEL = "-Onone";
			};
			name = Debug;
		};
		324E567B23869D020083D621 /* Release */ = {
			isa = XCBuildConfiguration;
			buildSettings = {
				ALWAYS_SEARCH_USER_PATHS = NO;
				CLANG_ANALYZER_NONNULL = YES;
				CLANG_ANALYZER_NUMBER_OBJECT_CONVERSION = YES_AGGRESSIVE;
				CLANG_CXX_LANGUAGE_STANDARD = "gnu++14";
				CLANG_CXX_LIBRARY = "libc++";
				CLANG_ENABLE_MODULES = YES;
				CLANG_ENABLE_OBJC_ARC = YES;
				CLANG_ENABLE_OBJC_WEAK = YES;
				CLANG_WARN_BLOCK_CAPTURE_AUTORELEASING = YES;
				CLANG_WARN_BOOL_CONVERSION = YES;
				CLANG_WARN_COMMA = YES;
				CLANG_WARN_CONSTANT_CONVERSION = YES;
				CLANG_WARN_DEPRECATED_OBJC_IMPLEMENTATIONS = YES;
				CLANG_WARN_DIRECT_OBJC_ISA_USAGE = YES_ERROR;
				CLANG_WARN_DOCUMENTATION_COMMENTS = YES;
				CLANG_WARN_EMPTY_BODY = YES;
				CLANG_WARN_ENUM_CONVERSION = YES;
				CLANG_WARN_INFINITE_RECURSION = YES;
				CLANG_WARN_INT_CONVERSION = YES;
				CLANG_WARN_NON_LITERAL_NULL_CONVERSION = YES;
				CLANG_WARN_OBJC_IMPLICIT_RETAIN_SELF = YES;
				CLANG_WARN_OBJC_LITERAL_CONVERSION = YES;
				CLANG_WARN_OBJC_ROOT_CLASS = YES_ERROR;
				CLANG_WARN_RANGE_LOOP_ANALYSIS = YES;
				CLANG_WARN_STRICT_PROTOTYPES = YES;
				CLANG_WARN_SUSPICIOUS_MOVE = YES;
				CLANG_WARN_UNGUARDED_AVAILABILITY = YES_AGGRESSIVE;
				CLANG_WARN_UNREACHABLE_CODE = YES;
				CLANG_WARN__DUPLICATE_METHOD_MATCH = YES;
				COPY_PHASE_STRIP = NO;
				DEBUG_INFORMATION_FORMAT = "dwarf-with-dsym";
				ENABLE_NS_ASSERTIONS = NO;
				ENABLE_STRICT_OBJC_MSGSEND = YES;
				GCC_C_LANGUAGE_STANDARD = gnu11;
				GCC_NO_COMMON_BLOCKS = YES;
				GCC_WARN_64_TO_32_BIT_CONVERSION = YES;
				GCC_WARN_ABOUT_RETURN_TYPE = YES_ERROR;
				GCC_WARN_UNDECLARED_SELECTOR = YES;
				GCC_WARN_UNINITIALIZED_AUTOS = YES_AGGRESSIVE;
				GCC_WARN_UNUSED_FUNCTION = YES;
				GCC_WARN_UNUSED_VARIABLE = YES;
				IPHONEOS_DEPLOYMENT_TARGET = 13.1;
				MTL_ENABLE_DEBUG_INFO = NO;
				MTL_FAST_MATH = YES;
				SDKROOT = iphoneos;
				SWIFT_COMPILATION_MODE = wholemodule;
				SWIFT_OPTIMIZATION_LEVEL = "-O";
				VALIDATE_PRODUCT = YES;
			};
			name = Release;
		};
		324E567D23869D020083D621 /* Debug */ = {
			isa = XCBuildConfiguration;
			buildSettings = {
				ASSETCATALOG_COMPILER_APPICON_NAME = AppIcon;
				CODE_SIGN_STYLE = Automatic;
				DEVELOPMENT_ASSET_PATHS = "\"SwiftUITest/Preview Content\"";
				DEVELOPMENT_TEAM = T5DP8A292H;
				ENABLE_PREVIEWS = YES;
				INFOPLIST_FILE = SwiftUITest/Info.plist;
				LD_RUNPATH_SEARCH_PATHS = (
					"$(inherited)",
					"@executable_path/Frameworks",
				);
				PRODUCT_BUNDLE_IDENTIFIER = plamen.SwiftUITest;
				PRODUCT_NAME = "$(TARGET_NAME)";
				SWIFT_VERSION = 5.0;
				TARGETED_DEVICE_FAMILY = "1,2";
			};
			name = Debug;
		};
		324E567E23869D020083D621 /* Release */ = {
			isa = XCBuildConfiguration;
			buildSettings = {
				ASSETCATALOG_COMPILER_APPICON_NAME = AppIcon;
				CODE_SIGN_STYLE = Automatic;
				DEVELOPMENT_ASSET_PATHS = "\"SwiftUITest/Preview Content\"";
				DEVELOPMENT_TEAM = T5DP8A292H;
				ENABLE_PREVIEWS = YES;
				INFOPLIST_FILE = SwiftUITest/Info.plist;
				LD_RUNPATH_SEARCH_PATHS = (
					"$(inherited)",
					"@executable_path/Frameworks",
				);
				PRODUCT_BUNDLE_IDENTIFIER = plamen.SwiftUITest;
				PRODUCT_NAME = "$(TARGET_NAME)";
				SWIFT_VERSION = 5.0;
				TARGETED_DEVICE_FAMILY = "1,2";
			};
			name = Release;
		};
/* End XCBuildConfiguration section */

/* Begin XCConfigurationList section */
		324E566323869D000083D621 /* Build configuration list for PBXProject "SwiftUITest" */ = {
			isa = XCConfigurationList;
			buildConfigurations = (
				324E567A23869D020083D621 /* Debug */,
				324E567B23869D020083D621 /* Release */,
			);
			defaultConfigurationIsVisible = 0;
			defaultConfigurationName = Release;
		};
		324E567C23869D020083D621 /* Build configuration list for PBXNativeTarget "SwiftUITest" */ = {
			isa = XCConfigurationList;
			buildConfigurations = (
				324E567D23869D020083D621 /* Debug */,
				324E567E23869D020083D621 /* Release */,
			);
			defaultConfigurationIsVisible = 0;
			defaultConfigurationName = Release;
		};
/* End XCConfigurationList section */
	};
	rootObject = 324E566023869D000083D621 /* Project object */;
}
